
Microsoft Visual Studio Solution File, Format Version 12.00
# Visual Studio Version 17
VisualStudioVersion = 17.5.002.0
MinimumVisualStudioVersion = 10.0.40219.1
Project("{9A19103F-16F7-4668-BE54-9A1E7A4F7556}") = "API1", "API1.csproj", "{49375D63-DC85-40B2-A60A-5F6DC873F0EF}"
EndProject
Global
	GlobalSection(SolutionConfigurationPlatforms) = preSolution
		Debug|Any CPU = Debug|Any CPU
		Release|Any CPU = Release|Any CPU
	EndGlobalSection
	GlobalSection(ProjectConfigurationPlatforms) = postSolution
		{49375D63-DC85-40B2-A60A-5F6DC873F0EF}.Debug|Any CPU.ActiveCfg = Debug|Any CPU
		{49375D63-DC85-40B2-A60A-5F6DC873F0EF}.Debug|Any CPU.Build.0 = Debug|Any CPU
		{49375D63-DC85-40B2-A60A-5F6DC873F0EF}.Release|Any CPU.ActiveCfg = Release|Any CPU
		{49375D63-DC85-40B2-A60A-5F6DC873F0EF}.Release|Any CPU.Build.0 = Release|Any CPU
	EndGlobalSection
	GlobalSection(SolutionProperties) = preSolution
		HideSolutionNode = FALSE
	EndGlobalSection
	GlobalSection(ExtensibilityGlobals) = postSolution
		SolutionGuid = {84DD2BA0-5DA4-4ADC-9EB1-987BCE9B46C0}
	EndGlobalSection
EndGlobal
